
Microsoft Visual Studio Solution File, Format Version 12.00
# Visual Studio 2013
VisualStudioVersion = 12.0.31101.0
MinimumVisualStudioVersion = 10.0.40219.1
Project("{FAE04EC0-301F-11D3-BF4B-00C04F79EFBC}") = "WebApp1", "WebApp1\WebApp1.csproj", "{8E30CF96-4257-4A1D-9BCB-FD7A6E3292C1}"
EndProject
Project("{FAE04EC0-301F-11D3-BF4B-00C04F79EFBC}") = "Negocio", "Negocio\Negocio.csproj", "{FE66D9A5-5EDA-42A5-97FE-FBE7CE7C8CB7}"
EndProject
Project("{FAE04EC0-301F-11D3-BF4B-00C04F79EFBC}") = "Datos", "Datos\Datos.csproj", "{F2660BD1-58BA-4795-B91D-E4D0C65BFB72}"
EndProject
Global
	GlobalSection(SolutionConfigurationPlatforms) = preSolution
		Debug|Any CPU = Debug|Any CPU
		Release|Any CPU = Release|Any CPU
	EndGlobalSection
	GlobalSection(ProjectConfigurationPlatforms) = postSolution
		{8E30CF96-4257-4A1D-9BCB-FD7A6E3292C1}.Debug|Any CPU.ActiveCfg = Debug|Any CPU
		{8E30CF96-4257-4A1D-9BCB-FD7A6E3292C1}.Debug|Any CPU.Build.0 = Debug|Any CPU
		{8E30CF96-4257-4A1D-9BCB-FD7A6E3292C1}.Release|Any CPU.ActiveCfg = Release|Any CPU
		{8E30CF96-4257-4A1D-9BCB-FD7A6E3292C1}.Release|Any CPU.Build.0 = Release|Any CPU
		{FE66D9A5-5EDA-42A5-97FE-FBE7CE7C8CB7}.Debug|Any CPU.ActiveCfg = Debug|Any CPU
		{FE66D9A5-5EDA-42A5-97FE-FBE7CE7C8CB7}.Debug|Any CPU.Build.0 = Debug|Any CPU
		{FE66D9A5-5EDA-42A5-97FE-FBE7CE7C8CB7}.Release|Any CPU.ActiveCfg = Release|Any CPU
		{FE66D9A5-5EDA-42A5-97FE-FBE7CE7C8CB7}.Release|Any CPU.Build.0 = Release|Any CPU
		{F2660BD1-58BA-4795-B91D-E4D0C65BFB72}.Debug|Any CPU.ActiveCfg = Debug|Any CPU
		{F2660BD1-58BA-4795-B91D-E4D0C65BFB72}.Debug|Any CPU.Build.0 = Debug|Any CPU
		{F2660BD1-58BA-4795-B91D-E4D0C65BFB72}.Release|Any CPU.ActiveCfg = Release|Any CPU
		{F2660BD1-58BA-4795-B91D-E4D0C65BFB72}.Release|Any CPU.Build.0 = Release|Any CPU
	EndGlobalSection
	GlobalSection(SolutionProperties) = preSolution
		HideSolutionNode = FALSE
	EndGlobalSection
EndGlobal
